# This file is @generated by PDM.
# It is not intended for manual editing.

[metadata]
groups = ["default"]
strategy = ["cross_platform"]
lock_version = "4.4.1"
content_hash = "sha256:f10848d1cb8a487b9ad92aa7d898bfbe8ebd86e033c4d6ba525c38707b906edb"

[[package]]
name = "amqp"
version = "5.2.0"
requires_python = ">=3.6"
summary = "Low-level AMQP client for Python (fork of amqplib)."
dependencies = [
    "vine<6.0.0,>=5.0.0",
]
files = [
    {file = "amqp-5.2.0-py3-none-any.whl", hash = "sha256:827cb12fb0baa892aad844fd95258143bce4027fdac4fccddbc43330fd281637"},
    {file = "amqp-5.2.0.tar.gz", hash = "sha256:a1ecff425ad063ad42a486c902807d1482311481c8ad95a72694b2975e75f7fd"},
]

[[package]]
name = "annotated-types"
version = "0.6.0"
requires_python = ">=3.8"
summary = "Reusable constraint types to use with typing.Annotated"
files = [
    {file = "annotated_types-0.6.0-py3-none-any.whl", hash = "sha256:0641064de18ba7a25dee8f96403ebc39113d0cb953a01429249d5c7564666a43"},
    {file = "annotated_types-0.6.0.tar.gz", hash = "sha256:563339e807e53ffd9c267e99fc6d9ea23eb8443c08f112651963e24e22f84a5d"},
]

[[package]]
name = "billiard"
version = "4.2.0"
requires_python = ">=3.7"
summary = "Python multiprocessing fork with improvements and bugfixes"
files = [
    {file = "billiard-4.2.0-py3-none-any.whl", hash = "sha256:07aa978b308f334ff8282bd4a746e681b3513db5c9a514cbdd810cbbdc19714d"},
    {file = "billiard-4.2.0.tar.gz", hash = "sha256:9a3c3184cb275aa17a732f93f65b20c525d3d9f253722d26a82194803ade5a2c"},
]

[[package]]
name = "celery"
version = "5.3.6"
requires_python = ">=3.8"
summary = "Distributed Task Queue."
dependencies = [
    "billiard<5.0,>=4.2.0",
    "click-didyoumean>=0.3.0",
    "click-plugins>=1.1.1",
    "click-repl>=0.2.0",
    "click<9.0,>=8.1.2",
    "kombu<6.0,>=5.3.4",
    "python-dateutil>=2.8.2",
    "tzdata>=2022.7",
    "vine<6.0,>=5.1.0",
]
files = [
    {file = "celery-5.3.6-py3-none-any.whl", hash = "sha256:9da4ea0118d232ce97dff5ed4974587fb1c0ff5c10042eb15278487cdd27d1af"},
    {file = "celery-5.3.6.tar.gz", hash = "sha256:870cc71d737c0200c397290d730344cc991d13a057534353d124c9380267aab9"},
]

[[package]]
name = "celery"
version = "5.3.6"
extras = ["amqp"]
requires_python = ">=3.8"
summary = "Distributed Task Queue."
dependencies = [
    "celery==5.3.6",
]
files = [
    {file = "celery-5.3.6-py3-none-any.whl", hash = "sha256:9da4ea0118d232ce97dff5ed4974587fb1c0ff5c10042eb15278487cdd27d1af"},
    {file = "celery-5.3.6.tar.gz", hash = "sha256:870cc71d737c0200c397290d730344cc991d13a057534353d124c9380267aab9"},
]

[[package]]
name = "click"
version = "8.1.7"
requires_python = ">=3.7"
summary = "Composable command line interface toolkit"
dependencies = [
    "colorama; platform_system == \"Windows\"",
]
files = [
    {file = "click-8.1.7-py3-none-any.whl", hash = "sha256:ae74fb96c20a0277a1d615f1e4d73c8414f5a98db8b799a7931d1582f3390c28"},
    {file = "click-8.1.7.tar.gz", hash = "sha256:ca9853ad459e787e2192211578cc907e7594e294c7ccc834310722b41b9ca6de"},
]

[[package]]
name = "click-didyoumean"
version = "0.3.0"
requires_python = ">=3.6.2,<4.0.0"
summary = "Enables git-like *did-you-mean* feature in click"
dependencies = [
    "click>=7",
]
files = [
    {file = "click-didyoumean-0.3.0.tar.gz", hash = "sha256:f184f0d851d96b6d29297354ed981b7dd71df7ff500d82fa6d11f0856bee8035"},
    {file = "click_didyoumean-0.3.0-py3-none-any.whl", hash = "sha256:a0713dc7a1de3f06bc0df5a9567ad19ead2d3d5689b434768a6145bff77c0667"},
]

[[package]]
name = "click-plugins"
version = "1.1.1"
summary = "An extension module for click to enable registering CLI commands via setuptools entry-points."
dependencies = [
    "click>=4.0",
]
files = [
    {file = "click-plugins-1.1.1.tar.gz", hash = "sha256:46ab999744a9d831159c3411bb0c79346d94a444df9a3a3742e9ed63645f264b"},
    {file = "click_plugins-1.1.1-py2.py3-none-any.whl", hash = "sha256:5d262006d3222f5057fd81e1623d4443e41dcda5dc815c06b442aa3c02889fc8"},
]

[[package]]
name = "click-repl"
version = "0.3.0"
requires_python = ">=3.6"
summary = "REPL plugin for Click"
dependencies = [
    "click>=7.0",
    "prompt-toolkit>=3.0.36",
]
files = [
    {file = "click-repl-0.3.0.tar.gz", hash = "sha256:17849c23dba3d667247dc4defe1757fff98694e90fe37474f3feebb69ced26a9"},
    {file = "click_repl-0.3.0-py3-none-any.whl", hash = "sha256:fb7e06deb8da8de86180a33a9da97ac316751c094c6899382da7feeeeb51b812"},
]

[[package]]
name = "colorama"
version = "0.4.6"
requires_python = "!=3.0.*,!=3.1.*,!=3.2.*,!=3.3.*,!=3.4.*,!=3.5.*,!=3.6.*,>=2.7"
summary = "Cross-platform colored terminal text."
files = [
    {file = "colorama-0.4.6-py2.py3-none-any.whl", hash = "sha256:4f1d9991f5acc0ca119f9d443620b77f9d6b33703e51011c16baf57afb285fc6"},
    {file = "colorama-0.4.6.tar.gz", hash = "sha256:08695f5cb7ed6e0531a20572697297273c47b8cae5a63ffc6d6ed5c201be6e44"},
]

[[package]]
name = "flower"
version = "2.0.1"
requires_python = ">=3.7"
summary = "Celery Flower"
dependencies = [
    "celery>=5.0.5",
    "humanize",
    "prometheus-client>=0.8.0",
    "pytz",
    "tornado<7.0.0,>=5.0.0",
]
files = [
    {file = "flower-2.0.1-py2.py3-none-any.whl", hash = "sha256:9db2c621eeefbc844c8dd88be64aef61e84e2deb29b271e02ab2b5b9f01068e2"},
    {file = "flower-2.0.1.tar.gz", hash = "sha256:5ab717b979530770c16afb48b50d2a98d23c3e9fe39851dcf6bc4d01845a02a0"},
]

[[package]]
name = "greenlet"
version = "3.0.3"
requires_python = ">=3.7"
summary = "Lightweight in-process concurrent programming"
files = [
    {file = "greenlet-3.0.3-cp310-cp310-macosx_11_0_universal2.whl", hash = "sha256:9da2bd29ed9e4f15955dd1595ad7bc9320308a3b766ef7f837e23ad4b4aac31a"},
    {file = "greenlet-3.0.3-cp310-cp310-manylinux_2_17_aarch64.manylinux2014_aarch64.whl", hash = "sha256:d353cadd6083fdb056bb46ed07e4340b0869c305c8ca54ef9da3421acbdf6881"},
    {file = "greenlet-3.0.3-cp310-cp310-manylinux_2_17_ppc64le.manylinux2014_ppc64le.whl", hash = "sha256:dca1e2f3ca00b84a396bc1bce13dd21f680f035314d2379c4160c98153b2059b"},
    {file = "greenlet-3.0.3-cp310-cp310-manylinux_2_17_s390x.manylinux2014_s390x.whl", hash = "sha256:3ed7fb269f15dc662787f4119ec300ad0702fa1b19d2135a37c2c4de6fadfd4a"},
    {file = "greenlet-3.0.3-cp310-cp310-manylinux_2_17_x86_64.manylinux2014_x86_64.whl", hash = "sha256:dd4f49ae60e10adbc94b45c0b5e6a179acc1736cf7a90160b404076ee283cf83"},
    {file = "greenlet-3.0.3-cp310-cp310-manylinux_2_24_x86_64.manylinux_2_28_x86_64.whl", hash = "sha256:73a411ef564e0e097dbe7e866bb2dda0f027e072b04da387282b02c308807405"},
    {file = "greenlet-3.0.3-cp310-cp310-musllinux_1_1_aarch64.whl", hash = "sha256:7f362975f2d179f9e26928c5b517524e89dd48530a0202570d55ad6ca5d8a56f"},
    {file = "greenlet-3.0.3-cp310-cp310-musllinux_1_1_x86_64.whl", hash = "sha256:649dde7de1a5eceb258f9cb00bdf50e978c9db1b996964cd80703614c86495eb"},
    {file = "greenlet-3.0.3-cp310-cp310-win_amd64.whl", hash = "sha256:68834da854554926fbedd38c76e60c4a2e3198c6fbed520b106a8986445caaf9"},
    {file = "greenlet-3.0.3-cp311-cp311-macosx_11_0_universal2.whl", hash = "sha256:b1b5667cced97081bf57b8fa1d6bfca67814b0afd38208d52538316e9422fc61"},
    {file = "greenlet-3.0.3-cp311-cp311-manylinux_2_17_aarch64.manylinux2014_aarch64.whl", hash = "sha256:52f59dd9c96ad2fc0d5724107444f76eb20aaccb675bf825df6435acb7703559"},
    {file = "greenlet-3.0.3-cp311-cp311-manylinux_2_17_ppc64le.manylinux2014_ppc64le.whl", hash = "sha256:afaff6cf5200befd5cec055b07d1c0a5a06c040fe5ad148abcd11ba6ab9b114e"},
    {file = "greenlet-3.0.3-cp311-cp311-manylinux_2_17_s390x.manylinux2014_s390x.whl", hash = "sha256:fe754d231288e1e64323cfad462fcee8f0288654c10bdf4f603a39ed923bef33"},
    {file = "greenlet-3.0.3-cp311-cp311-manylinux_2_17_x86_64.manylinux2014_x86_64.whl", hash = "sha256:2797aa5aedac23af156bbb5a6aa2cd3427ada2972c828244eb7d1b9255846379"},
    {file = "greenlet-3.0.3-cp311-cp311-manylinux_2_24_x86_64.manylinux_2_28_x86_64.whl", hash = "sha256:b7f009caad047246ed379e1c4dbcb8b020f0a390667ea74d2387be2998f58a22"},
    {file = "greenlet-3.0.3-cp311-cp311-musllinux_1_1_aarch64.whl", hash = "sha256:c5e1536de2aad7bf62e27baf79225d0d64360d4168cf2e6becb91baf1ed074f3"},
    {file = "greenlet-3.0.3-cp311-cp311-musllinux_1_1_x86_64.whl", hash = "sha256:894393ce10ceac937e56ec00bb71c4c2f8209ad516e96033e4b3b1de270e200d"},
    {file = "greenlet-3.0.3-cp311-cp311-win_amd64.whl", hash = "sha256:1ea188d4f49089fc6fb283845ab18a2518d279c7cd9da1065d7a84e991748728"},
    {file = "greenlet-3.0.3-cp312-cp312-macosx_11_0_universal2.whl", hash = "sha256:70fb482fdf2c707765ab5f0b6655e9cfcf3780d8d87355a063547b41177599be"},
    {file = "greenlet-3.0.3-cp312-cp312-manylinux_2_17_aarch64.manylinux2014_aarch64.whl", hash = "sha256:d4d1ac74f5c0c0524e4a24335350edad7e5f03b9532da7ea4d3c54d527784f2e"},
    {file = "greenlet-3.0.3-cp312-cp312-manylinux_2_17_ppc64le.manylinux2014_ppc64le.whl", hash = "sha256:149e94a2dd82d19838fe4b2259f1b6b9957d5ba1b25640d2380bea9c5df37676"},
    {file = "greenlet-3.0.3-cp312-cp312-manylinux_2_17_s390x.manylinux2014_s390x.whl", hash = "sha256:15d79dd26056573940fcb8c7413d84118086f2ec1a8acdfa854631084393efcc"},
    {file = "greenlet-3.0.3-cp312-cp312-manylinux_2_17_x86_64.manylinux2014_x86_64.whl", hash = "sha256:881b7db1ebff4ba09aaaeae6aa491daeb226c8150fc20e836ad00041bcb11230"},
    {file = "greenlet-3.0.3-cp312-cp312-manylinux_2_24_x86_64.manylinux_2_28_x86_64.whl", hash = "sha256:fcd2469d6a2cf298f198f0487e0a5b1a47a42ca0fa4dfd1b6862c999f018ebbf"},
    {file = "greenlet-3.0.3-cp312-cp312-musllinux_1_1_aarch64.whl", hash = "sha256:1f672519db1796ca0d8753f9e78ec02355e862d0998193038c7073045899f305"},
    {file = "greenlet-3.0.3-cp312-cp312-musllinux_1_1_x86_64.whl", hash = "sha256:2516a9957eed41dd8f1ec0c604f1cdc86758b587d964668b5b196a9db5bfcde6"},
    {file = "greenlet-3.0.3-cp312-cp312-win_amd64.whl", hash = "sha256:bba5387a6975598857d86de9eac14210a49d554a77eb8261cc68b7d082f78ce2"},
    {file = "greenlet-3.0.3-cp39-cp39-macosx_11_0_universal2.whl", hash = "sha256:da70d4d51c8b306bb7a031d5cff6cc25ad253affe89b70352af5f1cb68e74b53"},
    {file = "greenlet-3.0.3-cp39-cp39-manylinux_2_17_aarch64.manylinux2014_aarch64.whl", hash = "sha256:086152f8fbc5955df88382e8a75984e2bb1c892ad2e3c80a2508954e52295257"},
    {file = "greenlet-3.0.3-cp39-cp39-manylinux_2_17_ppc64le.manylinux2014_ppc64le.whl", hash = "sha256:d73a9fe764d77f87f8ec26a0c85144d6a951a6c438dfe50487df5595c6373eac"},
    {file = "greenlet-3.0.3-cp39-cp39-manylinux_2_17_s390x.manylinux2014_s390x.whl", hash = "sha256:b7dcbe92cc99f08c8dd11f930de4d99ef756c3591a5377d1d9cd7dd5e896da71"},
    {file = "greenlet-3.0.3-cp39-cp39-manylinux_2_17_x86_64.manylinux2014_x86_64.whl", hash = "sha256:1551a8195c0d4a68fac7a4325efac0d541b48def35feb49d803674ac32582f61"},
    {file = "greenlet-3.0.3-cp39-cp39-manylinux_2_24_x86_64.manylinux_2_28_x86_64.whl", hash = "sha256:64d7675ad83578e3fc149b617a444fab8efdafc9385471f868eb5ff83e446b8b"},
    {file = "greenlet-3.0.3-cp39-cp39-musllinux_1_1_aarch64.whl", hash = "sha256:b37eef18ea55f2ffd8f00ff8fe7c8d3818abd3e25fb73fae2ca3b672e333a7a6"},
    {file = "greenlet-3.0.3-cp39-cp39-musllinux_1_1_x86_64.whl", hash = "sha256:77457465d89b8263bca14759d7c1684df840b6811b2499838cc5b040a8b5b113"},
    {file = "greenlet-3.0.3-cp39-cp39-win32.whl", hash = "sha256:57e8974f23e47dac22b83436bdcf23080ade568ce77df33159e019d161ce1d1e"},
    {file = "greenlet-3.0.3-cp39-cp39-win_amd64.whl", hash = "sha256:c5ee858cfe08f34712f548c3c363e807e7186f03ad7a5039ebadb29e8c6be067"},
    {file = "greenlet-3.0.3.tar.gz", hash = "sha256:43374442353259554ce33599da8b692d5aa96f8976d567d4badf263371fbe491"},
]

[[package]]
name = "humanize"
version = "4.9.0"
requires_python = ">=3.8"
summary = "Python humanize utilities"
files = [
    {file = "humanize-4.9.0-py3-none-any.whl", hash = "sha256:ce284a76d5b1377fd8836733b983bfb0b76f1aa1c090de2566fcf008d7f6ab16"},
    {file = "humanize-4.9.0.tar.gz", hash = "sha256:582a265c931c683a7e9b8ed9559089dea7edcf6cc95be39a3cbc2c5d5ac2bcfa"},
]

[[package]]
name = "kombu"
version = "5.3.5"
requires_python = ">=3.8"
summary = "Messaging library for Python."
dependencies = [
    "amqp<6.0.0,>=5.1.1",
    "typing-extensions; python_version < \"3.10\"",
    "vine",
]
files = [
    {file = "kombu-5.3.5-py3-none-any.whl", hash = "sha256:0eac1bbb464afe6fb0924b21bf79460416d25d8abc52546d4f16cad94f789488"},
    {file = "kombu-5.3.5.tar.gz", hash = "sha256:30e470f1a6b49c70dc6f6d13c3e4cc4e178aa6c469ceb6bcd55645385fc84b93"},
]

[[package]]
name = "prometheus-client"
version = "0.20.0"
requires_python = ">=3.8"
summary = "Python client for the Prometheus monitoring system."
files = [
    {file = "prometheus_client-0.20.0-py3-none-any.whl", hash = "sha256:cde524a85bce83ca359cc837f28b8c0db5cac7aa653a588fd7e84ba061c329e7"},
    {file = "prometheus_client-0.20.0.tar.gz", hash = "sha256:287629d00b147a32dcb2be0b9df905da599b2d82f80377083ec8463309a4bb89"},
]

[[package]]
name = "prompt-toolkit"
version = "3.0.43"
requires_python = ">=3.7.0"
summary = "Library for building powerful interactive command lines in Python"
dependencies = [
    "wcwidth",
]
files = [
    {file = "prompt_toolkit-3.0.43-py3-none-any.whl", hash = "sha256:a11a29cb3bf0a28a387fe5122cdb649816a957cd9261dcedf8c9f1fef33eacf6"},
    {file = "prompt_toolkit-3.0.43.tar.gz", hash = "sha256:3527b7af26106cbc65a040bcc84839a3566ec1b051bb0bfe953631e704b0ff7d"},
]

[[package]]
name = "pydantic"
version = "2.6.4"
requires_python = ">=3.8"
summary = "Data validation using Python type hints"
dependencies = [
    "annotated-types>=0.4.0",
    "pydantic-core==2.16.3",
    "typing-extensions>=4.6.1",
]
files = [
    {file = "pydantic-2.6.4-py3-none-any.whl", hash = "sha256:cc46fce86607580867bdc3361ad462bab9c222ef042d3da86f2fb333e1d916c5"},
    {file = "pydantic-2.6.4.tar.gz", hash = "sha256:b1704e0847db01817624a6b86766967f552dd9dbf3afba4004409f908dcc84e6"},
]

[[package]]
name = "pydantic-core"
version = "2.16.3"
requires_python = ">=3.8"
summary = ""
dependencies = [
    "typing-extensions!=4.7.0,>=4.6.0",
]
files = [
    {file = "pydantic_core-2.16.3-cp310-cp310-macosx_10_12_x86_64.whl", hash = "sha256:75b81e678d1c1ede0785c7f46690621e4c6e63ccd9192af1f0bd9d504bbb6bf4"},
    {file = "pydantic_core-2.16.3-cp310-cp310-macosx_11_0_arm64.whl", hash = "sha256:9c865a7ee6f93783bd5d781af5a4c43dadc37053a5b42f7d18dc019f8c9d2bd1"},
    {file = "pydantic_core-2.16.3-cp310-cp310-manylinux_2_17_aarch64.manylinux2014_aarch64.whl", hash = "sha256:162e498303d2b1c036b957a1278fa0899d02b2842f1ff901b6395104c5554a45"},
    {file = "pydantic_core-2.16.3-cp310-cp310-manylinux_2_17_armv7l.manylinux2014_armv7l.whl", hash = "sha256:2f583bd01bbfbff4eaee0868e6fc607efdfcc2b03c1c766b06a707abbc856187"},
    {file = "pydantic_core-2.16.3-cp310-cp310-manylinux_2_17_ppc64le.manylinux2014_ppc64le.whl", hash = "sha256:b926dd38db1519ed3043a4de50214e0d600d404099c3392f098a7f9d75029ff8"},
    {file = "pydantic_core-2.16.3-cp310-cp310-manylinux_2_17_s390x.manylinux2014_s390x.whl", hash = "sha256:716b542728d4c742353448765aa7cdaa519a7b82f9564130e2b3f6766018c9ec"},
    {file = "pydantic_core-2.16.3-cp310-cp310-manylinux_2_17_x86_64.manylinux2014_x86_64.whl", hash = "sha256:fc4ad7f7ee1a13d9cb49d8198cd7d7e3aa93e425f371a68235f784e99741561f"},
    {file = "pydantic_core-2.16.3-cp310-cp310-manylinux_2_5_i686.manylinux1_i686.whl", hash = "sha256:bd87f48924f360e5d1c5f770d6155ce0e7d83f7b4e10c2f9ec001c73cf475c99"},
    {file = "pydantic_core-2.16.3-cp310-cp310-musllinux_1_1_aarch64.whl", hash = "sha256:0df446663464884297c793874573549229f9eca73b59360878f382a0fc085979"},
    {file = "pydantic_core-2.16.3-cp310-cp310-musllinux_1_1_x86_64.whl", hash = "sha256:4df8a199d9f6afc5ae9a65f8f95ee52cae389a8c6b20163762bde0426275b7db"},
    {file = "pydantic_core-2.16.3-cp310-none-win32.whl", hash = "sha256:456855f57b413f077dff513a5a28ed838dbbb15082ba00f80750377eed23d132"},
    {file = "pydantic_core-2.16.3-cp310-none-win_amd64.whl", hash = "sha256:732da3243e1b8d3eab8c6ae23ae6a58548849d2e4a4e03a1924c8ddf71a387cb"},
    {file = "pydantic_core-2.16.3-cp311-cp311-macosx_10_12_x86_64.whl", hash = "sha256:519ae0312616026bf4cedc0fe459e982734f3ca82ee8c7246c19b650b60a5ee4"},
    {file = "pydantic_core-2.16.3-cp311-cp311-macosx_11_0_arm64.whl", hash = "sha256:b3992a322a5617ded0a9f23fd06dbc1e4bd7cf39bc4ccf344b10f80af58beacd"},
    {file = "pydantic_core-2.16.3-cp311-cp311-manylinux_2_17_aarch64.manylinux2014_aarch64.whl", hash = "sha256:8d62da299c6ecb04df729e4b5c52dc0d53f4f8430b4492b93aa8de1f541c4aac"},
    {file = "pydantic_core-2.16.3-cp311-cp311-manylinux_2_17_armv7l.manylinux2014_armv7l.whl", hash = "sha256:2acca2be4bb2f2147ada8cac612f8a98fc09f41c89f87add7256ad27332c2fda"},
    {file = "pydantic_core-2.16.3-cp311-cp311-manylinux_2_17_ppc64le.manylinux2014_ppc64le.whl", hash = "sha256:1b662180108c55dfbf1280d865b2d116633d436cfc0bba82323554873967b340"},
    {file = "pydantic_core-2.16.3-cp311-cp311-manylinux_2_17_s390x.manylinux2014_s390x.whl", hash = "sha256:e7c6ed0dc9d8e65f24f5824291550139fe6f37fac03788d4580da0d33bc00c97"},
    {file = "pydantic_core-2.16.3-cp311-cp311-manylinux_2_17_x86_64.manylinux2014_x86_64.whl", hash = "sha256:a6b1bb0827f56654b4437955555dc3aeeebeddc47c2d7ed575477f082622c49e"},
    {file = "pydantic_core-2.16.3-cp311-cp311-manylinux_2_5_i686.manylinux1_i686.whl", hash = "sha256:e56f8186d6210ac7ece503193ec84104da7ceb98f68ce18c07282fcc2452e76f"},
    {file = "pydantic_core-2.16.3-cp311-cp311-musllinux_1_1_aarch64.whl", hash = "sha256:936e5db01dd49476fa8f4383c259b8b1303d5dd5fb34c97de194560698cc2c5e"},
    {file = "pydantic_core-2.16.3-cp311-cp311-musllinux_1_1_x86_64.whl", hash = "sha256:33809aebac276089b78db106ee692bdc9044710e26f24a9a2eaa35a0f9fa70ba"},
    {file = "pydantic_core-2.16.3-cp311-none-win32.whl", hash = "sha256:ded1c35f15c9dea16ead9bffcde9bb5c7c031bff076355dc58dcb1cb436c4721"},
    {file = "pydantic_core-2.16.3-cp311-none-win_amd64.whl", hash = "sha256:d89ca19cdd0dd5f31606a9329e309d4fcbb3df860960acec32630297d61820df"},
    {file = "pydantic_core-2.16.3-cp311-none-win_arm64.whl", hash = "sha256:6162f8d2dc27ba21027f261e4fa26f8bcb3cf9784b7f9499466a311ac284b5b9"},
    {file = "pydantic_core-2.16.3-cp312-cp312-macosx_10_12_x86_64.whl", hash = "sha256:0f56ae86b60ea987ae8bcd6654a887238fd53d1384f9b222ac457070b7ac4cff"},
    {file = "pydantic_core-2.16.3-cp312-cp312-macosx_11_0_arm64.whl", hash = "sha256:c9bd22a2a639e26171068f8ebb5400ce2c1bc7d17959f60a3b753ae13c632975"},
    {file = "pydantic_core-2.16.3-cp312-cp312-manylinux_2_17_aarch64.manylinux2014_aarch64.whl", hash = "sha256:4204e773b4b408062960e65468d5346bdfe139247ee5f1ca2a378983e11388a2"},
    {file = "pydantic_core-2.16.3-cp312-cp312-manylinux_2_17_armv7l.manylinux2014_armv7l.whl", hash = "sha256:f651dd19363c632f4abe3480a7c87a9773be27cfe1341aef06e8759599454120"},
    {file = "pydantic_core-2.16.3-cp312-cp312-manylinux_2_17_ppc64le.manylinux2014_ppc64le.whl", hash = "sha256:aaf09e615a0bf98d406657e0008e4a8701b11481840be7d31755dc9f97c44053"},
    {file = "pydantic_core-2.16.3-cp312-cp312-manylinux_2_17_s390x.manylinux2014_s390x.whl", hash = "sha256:8e47755d8152c1ab5b55928ab422a76e2e7b22b5ed8e90a7d584268dd49e9c6b"},
    {file = "pydantic_core-2.16.3-cp312-cp312-manylinux_2_17_x86_64.manylinux2014_x86_64.whl", hash = "sha256:500960cb3a0543a724a81ba859da816e8cf01b0e6aaeedf2c3775d12ee49cade"},
    {file = "pydantic_core-2.16.3-cp312-cp312-manylinux_2_5_i686.manylinux1_i686.whl", hash = "sha256:cf6204fe865da605285c34cf1172879d0314ff267b1c35ff59de7154f35fdc2e"},
    {file = "pydantic_core-2.16.3-cp312-cp312-musllinux_1_1_aarch64.whl", hash = "sha256:d33dd21f572545649f90c38c227cc8631268ba25c460b5569abebdd0ec5974ca"},
    {file = "pydantic_core-2.16.3-cp312-cp312-musllinux_1_1_x86_64.whl", hash = "sha256:49d5d58abd4b83fb8ce763be7794d09b2f50f10aa65c0f0c1696c677edeb7cbf"},
    {file = "pydantic_core-2.16.3-cp312-none-win32.whl", hash = "sha256:f53aace168a2a10582e570b7736cc5bef12cae9cf21775e3eafac597e8551fbe"},
    {file = "pydantic_core-2.16.3-cp312-none-win_amd64.whl", hash = "sha256:0d32576b1de5a30d9a97f300cc6a3f4694c428d956adbc7e6e2f9cad279e45ed"},
    {file = "pydantic_core-2.16.3-cp312-none-win_arm64.whl", hash = "sha256:ec08be75bb268473677edb83ba71e7e74b43c008e4a7b1907c6d57e940bf34b6"},
    {file = "pydantic_core-2.16.3-cp39-cp39-macosx_10_12_x86_64.whl", hash = "sha256:bda1ee3e08252b8d41fa5537413ffdddd58fa73107171a126d3b9ff001b9b820"},
    {file = "pydantic_core-2.16.3-cp39-cp39-macosx_11_0_arm64.whl", hash = "sha256:21b888c973e4f26b7a96491c0965a8a312e13be108022ee510248fe379a5fa23"},
    {file = "pydantic_core-2.16.3-cp39-cp39-manylinux_2_17_aarch64.manylinux2014_aarch64.whl", hash = "sha256:be0ec334369316fa73448cc8c982c01e5d2a81c95969d58b8f6e272884df0074"},
    {file = "pydantic_core-2.16.3-cp39-cp39-manylinux_2_17_armv7l.manylinux2014_armv7l.whl", hash = "sha256:b5b6079cc452a7c53dd378c6f881ac528246b3ac9aae0f8eef98498a75657805"},
    {file = "pydantic_core-2.16.3-cp39-cp39-manylinux_2_17_ppc64le.manylinux2014_ppc64le.whl", hash = "sha256:7ee8d5f878dccb6d499ba4d30d757111847b6849ae07acdd1205fffa1fc1253c"},
    {file = "pydantic_core-2.16.3-cp39-cp39-manylinux_2_17_s390x.manylinux2014_s390x.whl", hash = "sha256:7233d65d9d651242a68801159763d09e9ec96e8a158dbf118dc090cd77a104c9"},
    {file = "pydantic_core-2.16.3-cp39-cp39-manylinux_2_17_x86_64.manylinux2014_x86_64.whl", hash = "sha256:c6119dc90483a5cb50a1306adb8d52c66e447da88ea44f323e0ae1a5fcb14256"},
    {file = "pydantic_core-2.16.3-cp39-cp39-manylinux_2_5_i686.manylinux1_i686.whl", hash = "sha256:578114bc803a4c1ff9946d977c221e4376620a46cf78da267d946397dc9514a8"},
    {file = "pydantic_core-2.16.3-cp39-cp39-musllinux_1_1_aarch64.whl", hash = "sha256:d8f99b147ff3fcf6b3cc60cb0c39ea443884d5559a30b1481e92495f2310ff2b"},
    {file = "pydantic_core-2.16.3-cp39-cp39-musllinux_1_1_x86_64.whl", hash = "sha256:4ac6b4ce1e7283d715c4b729d8f9dab9627586dafce81d9eaa009dd7f25dd972"},
    {file = "pydantic_core-2.16.3-cp39-none-win32.whl", hash = "sha256:e7774b570e61cb998490c5235740d475413a1f6de823169b4cf94e2fe9e9f6b2"},
    {file = "pydantic_core-2.16.3-cp39-none-win_amd64.whl", hash = "sha256:9091632a25b8b87b9a605ec0e61f241c456e9248bfdcf7abdf344fdb169c81cf"},
    {file = "pydantic_core-2.16.3-pp310-pypy310_pp73-macosx_10_12_x86_64.whl", hash = "sha256:36fa178aacbc277bc6b62a2c3da95226520da4f4e9e206fdf076484363895d2c"},
    {file = "pydantic_core-2.16.3-pp310-pypy310_pp73-macosx_11_0_arm64.whl", hash = "sha256:dcca5d2bf65c6fb591fff92da03f94cd4f315972f97c21975398bd4bd046854a"},
    {file = "pydantic_core-2.16.3-pp310-pypy310_pp73-manylinux_2_17_aarch64.manylinux2014_aarch64.whl", hash = "sha256:2a72fb9963cba4cd5793854fd12f4cfee731e86df140f59ff52a49b3552db241"},
    {file = "pydantic_core-2.16.3-pp310-pypy310_pp73-manylinux_2_17_x86_64.manylinux2014_x86_64.whl", hash = "sha256:b60cc1a081f80a2105a59385b92d82278b15d80ebb3adb200542ae165cd7d183"},
    {file = "pydantic_core-2.16.3-pp310-pypy310_pp73-manylinux_2_5_i686.manylinux1_i686.whl", hash = "sha256:cbcc558401de90a746d02ef330c528f2e668c83350f045833543cd57ecead1ad"},
    {file = "pydantic_core-2.16.3-pp310-pypy310_pp73-musllinux_1_1_aarch64.whl", hash = "sha256:fee427241c2d9fb7192b658190f9f5fd6dfe41e02f3c1489d2ec1e6a5ab1e04a"},
    {file = "pydantic_core-2.16.3-pp310-pypy310_pp73-musllinux_1_1_x86_64.whl", hash = "sha256:f4cb85f693044e0f71f394ff76c98ddc1bc0953e48c061725e540396d5c8a2e1"},
    {file = "pydantic_core-2.16.3-pp310-pypy310_pp73-win_amd64.whl", hash = "sha256:b29eeb887aa931c2fcef5aa515d9d176d25006794610c264ddc114c053bf96fe"},
    {file = "pydantic_core-2.16.3-pp39-pypy39_pp73-macosx_10_12_x86_64.whl", hash = "sha256:a425479ee40ff021f8216c9d07a6a3b54b31c8267c6e17aa88b70d7ebd0e5e5b"},
    {file = "pydantic_core-2.16.3-pp39-pypy39_pp73-macosx_11_0_arm64.whl", hash = "sha256:5c5cbc703168d1b7a838668998308018a2718c2130595e8e190220238addc96f"},
    {file = "pydantic_core-2.16.3-pp39-pypy39_pp73-manylinux_2_17_aarch64.manylinux2014_aarch64.whl", hash = "sha256:99b6add4c0b39a513d323d3b93bc173dac663c27b99860dd5bf491b240d26137"},
    {file = "pydantic_core-2.16.3-pp39-pypy39_pp73-manylinux_2_17_x86_64.manylinux2014_x86_64.whl", hash = "sha256:75f76ee558751746d6a38f89d60b6228fa174e5172d143886af0f85aa306fd89"},
    {file = "pydantic_core-2.16.3-pp39-pypy39_pp73-manylinux_2_5_i686.manylinux1_i686.whl", hash = "sha256:00ee1c97b5364b84cb0bd82e9bbf645d5e2871fb8c58059d158412fee2d33d8a"},
    {file = "pydantic_core-2.16.3-pp39-pypy39_pp73-musllinux_1_1_aarch64.whl", hash = "sha256:287073c66748f624be4cef893ef9174e3eb88fe0b8a78dc22e88eca4bc357ca6"},
    {file = "pydantic_core-2.16.3-pp39-pypy39_pp73-musllinux_1_1_x86_64.whl", hash = "sha256:ed25e1835c00a332cb10c683cd39da96a719ab1dfc08427d476bce41b92531fc"},
    {file = "pydantic_core-2.16.3-pp39-pypy39_pp73-win_amd64.whl", hash = "sha256:86b3d0033580bd6bbe07590152007275bd7af95f98eaa5bd36f3da219dcd93da"},
    {file = "pydantic_core-2.16.3.tar.gz", hash = "sha256:1cac689f80a3abab2d3c0048b29eea5751114054f032a941a32de4c852c59cad"},
]

[[package]]
name = "python-dateutil"
version = "2.9.0.post0"
requires_python = "!=3.0.*,!=3.1.*,!=3.2.*,>=2.7"
summary = "Extensions to the standard Python datetime module"
dependencies = [
    "six>=1.5",
]
files = [
    {file = "python-dateutil-2.9.0.post0.tar.gz", hash = "sha256:37dd54208da7e1cd875388217d5e00ebd4179249f90fb72437e91a35459a0ad3"},
    {file = "python_dateutil-2.9.0.post0-py2.py3-none-any.whl", hash = "sha256:a8b2bc7bffae282281c8140a97d3aa9c14da0b136dfe83f850eea9a5f7470427"},
]

[[package]]
name = "pytomlpp"
version = "1.0.13"
summary = "A python wrapper for toml++"
files = [
    {file = "pytomlpp-1.0.13-cp310-cp310-macosx_10_9_universal2.whl", hash = "sha256:131644b5c32a0b32667875883251fa01a6a852e0386e5db8d0f70ddf44bebe3b"},
    {file = "pytomlpp-1.0.13-cp310-cp310-macosx_10_9_x86_64.whl", hash = "sha256:23d7ac98b01965e17c604bc86c77f751e4f91055c68397a724e7a05cd91c04fd"},
    {file = "pytomlpp-1.0.13-cp310-cp310-macosx_11_0_arm64.whl", hash = "sha256:98ae1451dcabb3449df8a097014b2d5cdaeb8961f16cced83462dfb704b61d12"},
    {file = "pytomlpp-1.0.13-cp310-cp310-manylinux_2_17_i686.manylinux2014_i686.whl", hash = "sha256:cc31231a57b45499c68b7c6c7c7d176874c1b4d3c236e3e4ecfc005642496815"},
    {file = "pytomlpp-1.0.13-cp310-cp310-manylinux_2_17_x86_64.manylinux2014_x86_64.whl", hash = "sha256:68d1743e03806e67a0b5daefb8f548609ffeec4ab94d91092440325c9e22bc77"},
    {file = "pytomlpp-1.0.13-cp310-cp310-musllinux_1_1_i686.whl", hash = "sha256:5b9a8b2179271abc54c0879cccc880b50918409765074c9ee25d45545f60b2a8"},
    {file = "pytomlpp-1.0.13-cp310-cp310-musllinux_1_1_x86_64.whl", hash = "sha256:4d325590d276104e4030c7907dd559148566347e840cb1c3874671ea09491789"},
    {file = "pytomlpp-1.0.13-cp310-cp310-win_amd64.whl", hash = "sha256:fab6e69a754d3be5d8580753feac56fa70d2f4f9388f1d7a30c719ceca2d3ff2"},
    {file = "pytomlpp-1.0.13-cp311-cp311-macosx_10_9_universal2.whl", hash = "sha256:47684714f9ed1a880e66b2e183789519a9ad7b55f2da9e30b65090a42342ef83"},
    {file = "pytomlpp-1.0.13-cp311-cp311-macosx_10_9_x86_64.whl", hash = "sha256:4d7c0e8a1e21249df4e60f07a728129f33899b7548ff391343b244e1222296b1"},
    {file = "pytomlpp-1.0.13-cp311-cp311-macosx_11_0_arm64.whl", hash = "sha256:aa016e89a76c3ed58ea7a1eb2cb795ee1b1aa2831bb47c724ae787cb03dcf790"},
    {file = "pytomlpp-1.0.13-cp311-cp311-manylinux_2_17_i686.manylinux2014_i686.whl", hash = "sha256:d4549130097ca8b7aada5f6e8440db3dbc36f0f3df24231b3521297a5e3cecf1"},
    {file = "pytomlpp-1.0.13-cp311-cp311-manylinux_2_17_x86_64.manylinux2014_x86_64.whl", hash = "sha256:7d2e7be5ddf349fbcfdd1cfcee630c4ad33031411a9dded93a96d186f2086038"},
    {file = "pytomlpp-1.0.13-cp311-cp311-musllinux_1_1_i686.whl", hash = "sha256:3398853a6ab98ccb5e722b9d2f1ac127ea2a82d267dcff8ff7dc98a472f70ad0"},
    {file = "pytomlpp-1.0.13-cp311-cp311-musllinux_1_1_x86_64.whl", hash = "sha256:b606dea8b05d2f5915a4d6f88e7772eb4772ed8a65c113b15bff5754982f48df"},
    {file = "pytomlpp-1.0.13-cp311-cp311-win_amd64.whl", hash = "sha256:1843cd3816e25453bfcac5468106f9f39e766bda198bd69d41e09184a6062497"},
    {file = "pytomlpp-1.0.13-cp39-cp39-macosx_10_9_universal2.whl", hash = "sha256:2fea0318339407d0a9a097d63e9c020cc1bdb0b2de90b5ba6cfb3eabfdbbdfd1"},
    {file = "pytomlpp-1.0.13-cp39-cp39-macosx_10_9_x86_64.whl", hash = "sha256:98510ef5b92f8f7c5e42280948301f542f0086c39bf879f140e111a987f521aa"},
    {file = "pytomlpp-1.0.13-cp39-cp39-macosx_11_0_arm64.whl", hash = "sha256:8287ded4f27d9f54d017e996480e95ebcf9b2fd8381d4bc755f39fc0b2f70629"},
    {file = "pytomlpp-1.0.13-cp39-cp39-manylinux_2_17_i686.manylinux2014_i686.whl", hash = "sha256:f931803e4f48df82ac86ddc075a16635d57018bbac779e0258c896544f5e8ec6"},
    {file = "pytomlpp-1.0.13-cp39-cp39-manylinux_2_17_x86_64.manylinux2014_x86_64.whl", hash = "sha256:20a1f6584814f7c9db63f1f590868788aff86201e2b49e89f76772346b79606a"},
    {file = "pytomlpp-1.0.13-cp39-cp39-musllinux_1_1_i686.whl", hash = "sha256:abbca560310f4bc1f0dea15e77042da03d2a9437ffc239fd949fdcb4302bd85b"},
    {file = "pytomlpp-1.0.13-cp39-cp39-musllinux_1_1_x86_64.whl", hash = "sha256:62150ce6f7a47a135ba4375a8075eb321d1064ea2295f59fd92d5d148b7093f0"},
    {file = "pytomlpp-1.0.13-cp39-cp39-win_amd64.whl", hash = "sha256:b5e89ea80cd25732a2789d67075b72d64133fdf13490aa058abfe9e4964880e4"},
    {file = "pytomlpp-1.0.13-pp37-pypy37_pp73-macosx_10_9_x86_64.whl", hash = "sha256:4710c72456c10a90e58084174312abef8f9652b0f91c240c008903c1bd99814d"},
    {file = "pytomlpp-1.0.13-pp37-pypy37_pp73-manylinux_2_17_i686.manylinux2014_i686.whl", hash = "sha256:b59acc12339a992404289ab7294f28ba06c7df3c2562e81d316a0e744ab4103b"},
    {file = "pytomlpp-1.0.13-pp37-pypy37_pp73-manylinux_2_17_x86_64.manylinux2014_x86_64.whl", hash = "sha256:252e31a5e013a74b898784f4ffb8aa8068e136b910ad11f2af1ee8a5700e6e1e"},
    {file = "pytomlpp-1.0.13-pp37-pypy37_pp73-win_amd64.whl", hash = "sha256:09e716c0f462d15f2334cecc736957777dd30f8a5bfa5cf8150679da7577d2fd"},
    {file = "pytomlpp-1.0.13-pp38-pypy38_pp73-macosx_10_9_x86_64.whl", hash = "sha256:19dbded2995370e802105fa6dce54ed60f79e58b4eb35fee7ef33f1fb5958f6c"},
    {file = "pytomlpp-1.0.13-pp38-pypy38_pp73-manylinux_2_17_i686.manylinux2014_i686.whl", hash = "sha256:9f87f6c958309e4c2358b778902c80bd33611d1c392f1abe2c226e3a62909ca4"},
    {file = "pytomlpp-1.0.13-pp38-pypy38_pp73-manylinux_2_17_x86_64.manylinux2014_x86_64.whl", hash = "sha256:e285aca948b419301fdda1927723287ef28482752782c44c9ee8c57eae7a1dc8"},
    {file = "pytomlpp-1.0.13-pp38-pypy38_pp73-win_amd64.whl", hash = "sha256:aad6ae19c056ea62a43fec82427ad4675b5c773dc255c4bdcf6da659cd7edff6"},
    {file = "pytomlpp-1.0.13-pp39-pypy39_pp73-macosx_10_9_x86_64.whl", hash = "sha256:0e0b34b7a132856567714342e9a622f7be0b4c9bac561a6252f0f85626c1aa4b"},
    {file = "pytomlpp-1.0.13-pp39-pypy39_pp73-manylinux_2_17_i686.manylinux2014_i686.whl", hash = "sha256:ac06ca7683f5a2737b3888ea1e38d6968abb24fab703bc7ceccbe589d5420e0c"},
    {file = "pytomlpp-1.0.13-pp39-pypy39_pp73-manylinux_2_17_x86_64.manylinux2014_x86_64.whl", hash = "sha256:35225c1d9d674df87b4682f04af97856049351c38822455b78258248d9309363"},
    {file = "pytomlpp-1.0.13-pp39-pypy39_pp73-win_amd64.whl", hash = "sha256:dbc9208ac58ea2a9d5ebb77e69d54d146744007f4a704a3f4e56d9881d41ee1c"},
    {file = "pytomlpp-1.0.13.tar.gz", hash = "sha256:a0bd639a8f624d1bdf5b3ea94363ca23dbfef38ab7b5b9348881a84afab434ad"},
]

[[package]]
name = "pytz"
version = "2024.1"
summary = "World timezone definitions, modern and historical"
files = [
    {file = "pytz-2024.1-py2.py3-none-any.whl", hash = "sha256:328171f4e3623139da4983451950b28e95ac706e13f3f2630a879749e7a8b319"},
    {file = "pytz-2024.1.tar.gz", hash = "sha256:2a29735ea9c18baf14b448846bde5a48030ed267578472d8955cd0e7443a9812"},
]

[[package]]
name = "rabbitmq-server"
version = "0.0.1"
summary = "rabbitmq-server"
files = [
    {file = "rabbitmq-server-0.0.1.tar.gz", hash = "sha256:ba71605289c52164b528e13973b3d59f85c0d62bea8d591624eeb35fbd29893f"},
]

[[package]]
name = "six"
version = "1.16.0"
requires_python = ">=2.7, !=3.0.*, !=3.1.*, !=3.2.*"
summary = "Python 2 and 3 compatibility utilities"
files = [
    {file = "six-1.16.0-py2.py3-none-any.whl", hash = "sha256:8abb2f1d86890a2dfb989f9a77cfcfd3e47c2a354b01111771326f8aa26e0254"},
    {file = "six-1.16.0.tar.gz", hash = "sha256:1e61c37477a1626458e36f7b1d82aa5c9b094fa4802892072e49de9c60c4c926"},
]

[[package]]
name = "sqlalchemy"
version = "2.0.28"
requires_python = ">=3.7"
summary = "Database Abstraction Library"
dependencies = [
    "greenlet!=0.4.17; platform_machine == \"win32\" or platform_machine == \"WIN32\" or platform_machine == \"AMD64\" or platform_machine == \"amd64\" or platform_machine == \"x86_64\" or platform_machine == \"ppc64le\" or platform_machine == \"aarch64\"",
    "typing-extensions>=4.6.0",
]
files = [
    {file = "SQLAlchemy-2.0.28-cp310-cp310-macosx_10_9_x86_64.whl", hash = "sha256:e0b148ab0438f72ad21cb004ce3bdaafd28465c4276af66df3b9ecd2037bf252"},
    {file = "SQLAlchemy-2.0.28-cp310-cp310-macosx_11_0_arm64.whl", hash = "sha256:bbda76961eb8f27e6ad3c84d1dc56d5bc61ba8f02bd20fcf3450bd421c2fcc9c"},
    {file = "SQLAlchemy-2.0.28-cp310-cp310-manylinux_2_17_aarch64.manylinux2014_aarch64.whl", hash = "sha256:feea693c452d85ea0015ebe3bb9cd15b6f49acc1a31c28b3c50f4db0f8fb1e71"},
    {file = "SQLAlchemy-2.0.28-cp310-cp310-manylinux_2_17_x86_64.manylinux2014_x86_64.whl", hash = "sha256:5da98815f82dce0cb31fd1e873a0cb30934971d15b74e0d78cf21f9e1b05953f"},
    {file = "SQLAlchemy-2.0.28-cp310-cp310-musllinux_1_1_aarch64.whl", hash = "sha256:4a5adf383c73f2d49ad15ff363a8748319ff84c371eed59ffd0127355d6ea1da"},
    {file = "SQLAlchemy-2.0.28-cp310-cp310-musllinux_1_1_x86_64.whl", hash = "sha256:56856b871146bfead25fbcaed098269d90b744eea5cb32a952df00d542cdd368"},
    {file = "SQLAlchemy-2.0.28-cp310-cp310-win32.whl", hash = "sha256:943aa74a11f5806ab68278284a4ddd282d3fb348a0e96db9b42cb81bf731acdc"},
    {file = "SQLAlchemy-2.0.28-cp310-cp310-win_amd64.whl", hash = "sha256:c6c4da4843e0dabde41b8f2e8147438330924114f541949e6318358a56d1875a"},
    {file = "SQLAlchemy-2.0.28-cp311-cp311-macosx_10_9_x86_64.whl", hash = "sha256:46a3d4e7a472bfff2d28db838669fc437964e8af8df8ee1e4548e92710929adc"},
    {file = "SQLAlchemy-2.0.28-cp311-cp311-macosx_11_0_arm64.whl", hash = "sha256:0d3dd67b5d69794cfe82862c002512683b3db038b99002171f624712fa71aeaa"},
    {file = "SQLAlchemy-2.0.28-cp311-cp311-manylinux_2_17_aarch64.manylinux2014_aarch64.whl", hash = "sha256:c61e2e41656a673b777e2f0cbbe545323dbe0d32312f590b1bc09da1de6c2a02"},
    {file = "SQLAlchemy-2.0.28-cp311-cp311-manylinux_2_17_x86_64.manylinux2014_x86_64.whl", hash = "sha256:0315d9125a38026227f559488fe7f7cee1bd2fbc19f9fd637739dc50bb6380b2"},
    {file = "SQLAlchemy-2.0.28-cp311-cp311-musllinux_1_1_aarch64.whl", hash = "sha256:af8ce2d31679006e7b747d30a89cd3ac1ec304c3d4c20973f0f4ad58e2d1c4c9"},
    {file = "SQLAlchemy-2.0.28-cp311-cp311-musllinux_1_1_x86_64.whl", hash = "sha256:81ba314a08c7ab701e621b7ad079c0c933c58cdef88593c59b90b996e8b58fa5"},
    {file = "SQLAlchemy-2.0.28-cp311-cp311-win32.whl", hash = "sha256:1ee8bd6d68578e517943f5ebff3afbd93fc65f7ef8f23becab9fa8fb315afb1d"},
    {file = "SQLAlchemy-2.0.28-cp311-cp311-win_amd64.whl", hash = "sha256:ad7acbe95bac70e4e687a4dc9ae3f7a2f467aa6597049eeb6d4a662ecd990bb6"},
    {file = "SQLAlchemy-2.0.28-cp312-cp312-macosx_10_9_x86_64.whl", hash = "sha256:d3499008ddec83127ab286c6f6ec82a34f39c9817f020f75eca96155f9765097"},
    {file = "SQLAlchemy-2.0.28-cp312-cp312-macosx_11_0_arm64.whl", hash = "sha256:9b66fcd38659cab5d29e8de5409cdf91e9986817703e1078b2fdaad731ea66f5"},
    {file = "SQLAlchemy-2.0.28-cp312-cp312-manylinux_2_17_aarch64.manylinux2014_aarch64.whl", hash = "sha256:bea30da1e76cb1acc5b72e204a920a3a7678d9d52f688f087dc08e54e2754c67"},
    {file = "SQLAlchemy-2.0.28-cp312-cp312-manylinux_2_17_x86_64.manylinux2014_x86_64.whl", hash = "sha256:124202b4e0edea7f08a4db8c81cc7859012f90a0d14ba2bf07c099aff6e96462"},
    {file = "SQLAlchemy-2.0.28-cp312-cp312-musllinux_1_1_aarch64.whl", hash = "sha256:e23b88c69497a6322b5796c0781400692eca1ae5532821b39ce81a48c395aae9"},
    {file = "SQLAlchemy-2.0.28-cp312-cp312-musllinux_1_1_x86_64.whl", hash = "sha256:4b6303bfd78fb3221847723104d152e5972c22367ff66edf09120fcde5ddc2e2"},
    {file = "SQLAlchemy-2.0.28-cp312-cp312-win32.whl", hash = "sha256:a921002be69ac3ab2cf0c3017c4e6a3377f800f1fca7f254c13b5f1a2f10022c"},
    {file = "SQLAlchemy-2.0.28-cp312-cp312-win_amd64.whl", hash = "sha256:b4a2cf92995635b64876dc141af0ef089c6eea7e05898d8d8865e71a326c0385"},
    {file = "SQLAlchemy-2.0.28-cp39-cp39-macosx_10_9_x86_64.whl", hash = "sha256:fc4974d3684f28b61b9a90fcb4c41fb340fd4b6a50c04365704a4da5a9603b05"},
    {file = "SQLAlchemy-2.0.28-cp39-cp39-macosx_11_0_arm64.whl", hash = "sha256:87724e7ed2a936fdda2c05dbd99d395c91ea3c96f029a033a4a20e008dd876bf"},
    {file = "SQLAlchemy-2.0.28-cp39-cp39-manylinux_2_17_aarch64.manylinux2014_aarch64.whl", hash = "sha256:68722e6a550f5de2e3cfe9da6afb9a7dd15ef7032afa5651b0f0c6b3adb8815d"},
    {file = "SQLAlchemy-2.0.28-cp39-cp39-manylinux_2_17_x86_64.manylinux2014_x86_64.whl", hash = "sha256:328529f7c7f90adcd65aed06a161851f83f475c2f664a898af574893f55d9e53"},
    {file = "SQLAlchemy-2.0.28-cp39-cp39-musllinux_1_1_aarch64.whl", hash = "sha256:df40c16a7e8be7413b885c9bf900d402918cc848be08a59b022478804ea076b8"},
    {file = "SQLAlchemy-2.0.28-cp39-cp39-musllinux_1_1_x86_64.whl", hash = "sha256:426f2fa71331a64f5132369ede5171c52fd1df1bd9727ce621f38b5b24f48750"},
    {file = "SQLAlchemy-2.0.28-cp39-cp39-win32.whl", hash = "sha256:33157920b233bc542ce497a81a2e1452e685a11834c5763933b440fedd1d8e2d"},
    {file = "SQLAlchemy-2.0.28-cp39-cp39-win_amd64.whl", hash = "sha256:2f60843068e432311c886c5f03c4664acaef507cf716f6c60d5fde7265be9d7b"},
    {file = "SQLAlchemy-2.0.28-py3-none-any.whl", hash = "sha256:78bb7e8da0183a8301352d569900d9d3594c48ac21dc1c2ec6b3121ed8b6c986"},
    {file = "SQLAlchemy-2.0.28.tar.gz", hash = "sha256:dd53b6c4e6d960600fd6532b79ee28e2da489322fcf6648738134587faf767b6"},
]

[[package]]
name = "sqlalchemy"
version = "2.0.28"
extras = ["all"]
requires_python = ">=3.7"
summary = "Database Abstraction Library"
dependencies = [
    "sqlalchemy==2.0.28",
]
files = [
    {file = "SQLAlchemy-2.0.28-cp310-cp310-macosx_10_9_x86_64.whl", hash = "sha256:e0b148ab0438f72ad21cb004ce3bdaafd28465c4276af66df3b9ecd2037bf252"},
    {file = "SQLAlchemy-2.0.28-cp310-cp310-macosx_11_0_arm64.whl", hash = "sha256:bbda76961eb8f27e6ad3c84d1dc56d5bc61ba8f02bd20fcf3450bd421c2fcc9c"},
    {file = "SQLAlchemy-2.0.28-cp310-cp310-manylinux_2_17_aarch64.manylinux2014_aarch64.whl", hash = "sha256:feea693c452d85ea0015ebe3bb9cd15b6f49acc1a31c28b3c50f4db0f8fb1e71"},
    {file = "SQLAlchemy-2.0.28-cp310-cp310-manylinux_2_17_x86_64.manylinux2014_x86_64.whl", hash = "sha256:5da98815f82dce0cb31fd1e873a0cb30934971d15b74e0d78cf21f9e1b05953f"},
    {file = "SQLAlchemy-2.0.28-cp310-cp310-musllinux_1_1_aarch64.whl", hash = "sha256:4a5adf383c73f2d49ad15ff363a8748319ff84c371eed59ffd0127355d6ea1da"},
    {file = "SQLAlchemy-2.0.28-cp310-cp310-musllinux_1_1_x86_64.whl", hash = "sha256:56856b871146bfead25fbcaed098269d90b744eea5cb32a952df00d542cdd368"},
    {file = "SQLAlchemy-2.0.28-cp310-cp310-win32.whl", hash = "sha256:943aa74a11f5806ab68278284a4ddd282d3fb348a0e96db9b42cb81bf731acdc"},
    {file = "SQLAlchemy-2.0.28-cp310-cp310-win_amd64.whl", hash = "sha256:c6c4da4843e0dabde41b8f2e8147438330924114f541949e6318358a56d1875a"},
    {file = "SQLAlchemy-2.0.28-cp311-cp311-macosx_10_9_x86_64.whl", hash = "sha256:46a3d4e7a472bfff2d28db838669fc437964e8af8df8ee1e4548e92710929adc"},
    {file = "SQLAlchemy-2.0.28-cp311-cp311-macosx_11_0_arm64.whl", hash = "sha256:0d3dd67b5d69794cfe82862c002512683b3db038b99002171f624712fa71aeaa"},
    {file = "SQLAlchemy-2.0.28-cp311-cp311-manylinux_2_17_aarch64.manylinux2014_aarch64.whl", hash = "sha256:c61e2e41656a673b777e2f0cbbe545323dbe0d32312f590b1bc09da1de6c2a02"},
    {file = "SQLAlchemy-2.0.28-cp311-cp311-manylinux_2_17_x86_64.manylinux2014_x86_64.whl", hash = "sha256:0315d9125a38026227f559488fe7f7cee1bd2fbc19f9fd637739dc50bb6380b2"},
    {file = "SQLAlchemy-2.0.28-cp311-cp311-musllinux_1_1_aarch64.whl", hash = "sha256:af8ce2d31679006e7b747d30a89cd3ac1ec304c3d4c20973f0f4ad58e2d1c4c9"},
    {file = "SQLAlchemy-2.0.28-cp311-cp311-musllinux_1_1_x86_64.whl", hash = "sha256:81ba314a08c7ab701e621b7ad079c0c933c58cdef88593c59b90b996e8b58fa5"},
    {file = "SQLAlchemy-2.0.28-cp311-cp311-win32.whl", hash = "sha256:1ee8bd6d68578e517943f5ebff3afbd93fc65f7ef8f23becab9fa8fb315afb1d"},
    {file = "SQLAlchemy-2.0.28-cp311-cp311-win_amd64.whl", hash = "sha256:ad7acbe95bac70e4e687a4dc9ae3f7a2f467aa6597049eeb6d4a662ecd990bb6"},
    {file = "SQLAlchemy-2.0.28-cp312-cp312-macosx_10_9_x86_64.whl", hash = "sha256:d3499008ddec83127ab286c6f6ec82a34f39c9817f020f75eca96155f9765097"},
    {file = "SQLAlchemy-2.0.28-cp312-cp312-macosx_11_0_arm64.whl", hash = "sha256:9b66fcd38659cab5d29e8de5409cdf91e9986817703e1078b2fdaad731ea66f5"},
    {file = "SQLAlchemy-2.0.28-cp312-cp312-manylinux_2_17_aarch64.manylinux2014_aarch64.whl", hash = "sha256:bea30da1e76cb1acc5b72e204a920a3a7678d9d52f688f087dc08e54e2754c67"},
    {file = "SQLAlchemy-2.0.28-cp312-cp312-manylinux_2_17_x86_64.manylinux2014_x86_64.whl", hash = "sha256:124202b4e0edea7f08a4db8c81cc7859012f90a0d14ba2bf07c099aff6e96462"},
    {file = "SQLAlchemy-2.0.28-cp312-cp312-musllinux_1_1_aarch64.whl", hash = "sha256:e23b88c69497a6322b5796c0781400692eca1ae5532821b39ce81a48c395aae9"},
    {file = "SQLAlchemy-2.0.28-cp312-cp312-musllinux_1_1_x86_64.whl", hash = "sha256:4b6303bfd78fb3221847723104d152e5972c22367ff66edf09120fcde5ddc2e2"},
    {file = "SQLAlchemy-2.0.28-cp312-cp312-win32.whl", hash = "sha256:a921002be69ac3ab2cf0c3017c4e6a3377f800f1fca7f254c13b5f1a2f10022c"},
    {file = "SQLAlchemy-2.0.28-cp312-cp312-win_amd64.whl", hash = "sha256:b4a2cf92995635b64876dc141af0ef089c6eea7e05898d8d8865e71a326c0385"},
    {file = "SQLAlchemy-2.0.28-cp39-cp39-macosx_10_9_x86_64.whl", hash = "sha256:fc4974d3684f28b61b9a90fcb4c41fb340fd4b6a50c04365704a4da5a9603b05"},
    {file = "SQLAlchemy-2.0.28-cp39-cp39-macosx_11_0_arm64.whl", hash = "sha256:87724e7ed2a936fdda2c05dbd99d395c91ea3c96f029a033a4a20e008dd876bf"},
    {file = "SQLAlchemy-2.0.28-cp39-cp39-manylinux_2_17_aarch64.manylinux2014_aarch64.whl", hash = "sha256:68722e6a550f5de2e3cfe9da6afb9a7dd15ef7032afa5651b0f0c6b3adb8815d"},
    {file = "SQLAlchemy-2.0.28-cp39-cp39-manylinux_2_17_x86_64.manylinux2014_x86_64.whl", hash = "sha256:328529f7c7f90adcd65aed06a161851f83f475c2f664a898af574893f55d9e53"},
    {file = "SQLAlchemy-2.0.28-cp39-cp39-musllinux_1_1_aarch64.whl", hash = "sha256:df40c16a7e8be7413b885c9bf900d402918cc848be08a59b022478804ea076b8"},
    {file = "SQLAlchemy-2.0.28-cp39-cp39-musllinux_1_1_x86_64.whl", hash = "sha256:426f2fa71331a64f5132369ede5171c52fd1df1bd9727ce621f38b5b24f48750"},
    {file = "SQLAlchemy-2.0.28-cp39-cp39-win32.whl", hash = "sha256:33157920b233bc542ce497a81a2e1452e685a11834c5763933b440fedd1d8e2d"},
    {file = "SQLAlchemy-2.0.28-cp39-cp39-win_amd64.whl", hash = "sha256:2f60843068e432311c886c5f03c4664acaef507cf716f6c60d5fde7265be9d7b"},
    {file = "SQLAlchemy-2.0.28-py3-none-any.whl", hash = "sha256:78bb7e8da0183a8301352d569900d9d3594c48ac21dc1c2ec6b3121ed8b6c986"},
    {file = "SQLAlchemy-2.0.28.tar.gz", hash = "sha256:dd53b6c4e6d960600fd6532b79ee28e2da489322fcf6648738134587faf767b6"},
]

[[package]]
name = "tornado"
version = "6.4"
requires_python = ">= 3.8"
summary = "Tornado is a Python web framework and asynchronous networking library, originally developed at FriendFeed."
files = [
    {file = "tornado-6.4-cp38-abi3-macosx_10_9_universal2.whl", hash = "sha256:02ccefc7d8211e5a7f9e8bc3f9e5b0ad6262ba2fbb683a6443ecc804e5224ce0"},
    {file = "tornado-6.4-cp38-abi3-macosx_10_9_x86_64.whl", hash = "sha256:27787de946a9cffd63ce5814c33f734c627a87072ec7eed71f7fc4417bb16263"},
    {file = "tornado-6.4-cp38-abi3-manylinux_2_17_aarch64.manylinux2014_aarch64.whl", hash = "sha256:f7894c581ecdcf91666a0912f18ce5e757213999e183ebfc2c3fdbf4d5bd764e"},
    {file = "tornado-6.4-cp38-abi3-manylinux_2_5_i686.manylinux1_i686.manylinux_2_17_i686.manylinux2014_i686.whl", hash = "sha256:e43bc2e5370a6a8e413e1e1cd0c91bedc5bd62a74a532371042a18ef19e10579"},
    {file = "tornado-6.4-cp38-abi3-manylinux_2_5_x86_64.manylinux1_x86_64.manylinux_2_17_x86_64.manylinux2014_x86_64.whl", hash = "sha256:f0251554cdd50b4b44362f73ad5ba7126fc5b2c2895cc62b14a1c2d7ea32f212"},
    {file = "tornado-6.4-cp38-abi3-musllinux_1_1_aarch64.whl", hash = "sha256:fd03192e287fbd0899dd8f81c6fb9cbbc69194d2074b38f384cb6fa72b80e9c2"},
    {file = "tornado-6.4-cp38-abi3-musllinux_1_1_i686.whl", hash = "sha256:88b84956273fbd73420e6d4b8d5ccbe913c65d31351b4c004ae362eba06e1f78"},
    {file = "tornado-6.4-cp38-abi3-musllinux_1_1_x86_64.whl", hash = "sha256:71ddfc23a0e03ef2df1c1397d859868d158c8276a0603b96cf86892bff58149f"},
    {file = "tornado-6.4-cp38-abi3-win32.whl", hash = "sha256:6f8a6c77900f5ae93d8b4ae1196472d0ccc2775cc1dfdc9e7727889145c45052"},
    {file = "tornado-6.4-cp38-abi3-win_amd64.whl", hash = "sha256:10aeaa8006333433da48dec9fe417877f8bcc21f48dda8d661ae79da357b2a63"},
    {file = "tornado-6.4.tar.gz", hash = "sha256:72291fa6e6bc84e626589f1c29d90a5a6d593ef5ae68052ee2ef000dfd273dee"},
]

[[package]]
name = "typing-extensions"
version = "4.10.0"
requires_python = ">=3.8"
summary = "Backported and Experimental Type Hints for Python 3.8+"
files = [
    {file = "typing_extensions-4.10.0-py3-none-any.whl", hash = "sha256:69b1a937c3a517342112fb4c6df7e72fc39a38e7891a5730ed4985b5214b5475"},
    {file = "typing_extensions-4.10.0.tar.gz", hash = "sha256:b0abd7c89e8fb96f98db18d86106ff1d90ab692004eb746cf6eda2682f91b3cb"},
]

[[package]]
name = "tzdata"
version = "2024.1"
requires_python = ">=2"
summary = "Provider of IANA time zone data"
files = [
    {file = "tzdata-2024.1-py2.py3-none-any.whl", hash = "sha256:9068bc196136463f5245e51efda838afa15aaeca9903f49050dfa2679db4d252"},
    {file = "tzdata-2024.1.tar.gz", hash = "sha256:2674120f8d891909751c38abcdfd386ac0a5a1127954fbc332af6b5ceae07efd"},
]

[[package]]
name = "vine"
version = "5.1.0"
requires_python = ">=3.6"
summary = "Python promises."
files = [
    {file = "vine-5.1.0-py3-none-any.whl", hash = "sha256:40fdf3c48b2cfe1c38a49e9ae2da6fda88e4794c810050a728bd7413811fb1dc"},
    {file = "vine-5.1.0.tar.gz", hash = "sha256:8b62e981d35c41049211cf62a0a1242d8c1ee9bd15bb196ce38aefd6799e61e0"},
]

[[package]]
name = "wcwidth"
version = "0.2.13"
summary = "Measures the displayed width of unicode strings in a terminal"
files = [
    {file = "wcwidth-0.2.13-py2.py3-none-any.whl", hash = "sha256:3da69048e4540d84af32131829ff948f1e022c1c6bdb8d6102117aac784f6859"},
    {file = "wcwidth-0.2.13.tar.gz", hash = "sha256:72ea0c06399eb286d978fdedb6923a9eb47e1c486ce63e9b4e64fc18303972b5"},
]
